
Microsoft Visual Studio Solution File, Format Version 12.00
# Visual Studio Version 17
VisualStudioVersion = 17.8.34330.188
MinimumVisualStudioVersion = 10.0.40219.1
Project("{FAE04EC0-301F-11D3-BF4B-00C04F79EFBC}") = "HastaneRandevuSistemi", "HastaneRandevuSistemi\HastaneRandevuSistemi.csproj", "{6E6E5F86-B818-46F1-803F-5237F4B53D45}"
EndProject
Global
	GlobalSection(SolutionConfigurationPlatforms) = preSolution
		Debug|Any CPU = Debug|Any CPU
		Release|Any CPU = Release|Any CPU
	EndGlobalSection
	GlobalSection(ProjectConfigurationPlatforms) = postSolution
		{6E6E5F86-B818-46F1-803F-5237F4B53D45}.Debug|Any CPU.ActiveCfg = Debug|Any CPU
		{6E6E5F86-B818-46F1-803F-5237F4B53D45}.Debug|Any CPU.Build.0 = Debug|Any CPU
		{6E6E5F86-B818-46F1-803F-5237F4B53D45}.Release|Any CPU.ActiveCfg = Release|Any CPU
		{6E6E5F86-B818-46F1-803F-5237F4B53D45}.Release|Any CPU.Build.0 = Release|Any CPU
	EndGlobalSection
	GlobalSection(SolutionProperties) = preSolution
		HideSolutionNode = FALSE
	EndGlobalSection
	GlobalSection(ExtensibilityGlobals) = postSolution
		SolutionGuid = {C8CA1A6A-1161-422A-9AD2-95BDCF2DEC45}
	EndGlobalSection
EndGlobal
